// !$*UTF8*$!
{
	archiveVersion = 1;
	classes = {
	};
	objectVersion = 46;
	objects = {

/* Begin PBXBuildFile section */
		DDB4896C19A7103200BA5FE5 /* Foundation.framework in Frameworks */ = {isa = PBXBuildFile; fileRef = DDB4896B19A7103200BA5FE5 /* Foundation.framework */; };
		DDB4896E19A7103200BA5FE5 /* CoreGraphics.framework in Frameworks */ = {isa = PBXBuildFile; fileRef = DDB4896D19A7103200BA5FE5 /* CoreGraphics.framework */; };
		DDB4897019A7103200BA5FE5 /* UIKit.framework in Frameworks */ = {isa = PBXBuildFile; fileRef = DDB4896F19A7103200BA5FE5 /* UIKit.framework */; };
		DDB4897619A7103200BA5FE5 /* InfoPlist.strings in Resources */ = {isa = PBXBuildFile; fileRef = DDB4897419A7103200BA5FE5 /* InfoPlist.strings */; };
		DDB4897819A7103200BA5FE5 /* main.m in Sources */ = {isa = PBXBuildFile; fileRef = DDB4897719A7103200BA5FE5 /* main.m */; };
		DDB4897C19A7103200BA5FE5 /* OHAppDelegate.m in Sources */ = {isa = PBXBuildFile; fileRef = DDB4897B19A7103200BA5FE5 /* OHAppDelegate.m */; };
		DDB4897F19A7103200BA5FE5 /* Main.storyboard in Resources */ = {isa = PBXBuildFile; fileRef = DDB4897D19A7103200BA5FE5 /* Main.storyboard */; };
		DDB4898219A7103200BA5FE5 /* OHViewController.m in Sources */ = {isa = PBXBuildFile; fileRef = DDB4898119A7103200BA5FE5 /* OHViewController.m */; };
		DDB4898419A7103200BA5FE5 /* Images.xcassets in Resources */ = {isa = PBXBuildFile; fileRef = DDB4898319A7103200BA5FE5 /* Images.xcassets */; };
		DDB4898B19A7103300BA5FE5 /* XCTest.framework in Frameworks */ = {isa = PBXBuildFile; fileRef = DDB4898A19A7103300BA5FE5 /* XCTest.framework */; };
		DDB4898C19A7103300BA5FE5 /* Foundation.framework in Frameworks */ = {isa = PBXBuildFile; fileRef = DDB4896B19A7103200BA5FE5 /* Foundation.framework */; };
		DDB4898D19A7103300BA5FE5 /* UIKit.framework in Frameworks */ = {isa = PBXBuildFile; fileRef = DDB4896F19A7103200BA5FE5 /* UIKit.framework */; };
		DDB4899519A7103300BA5FE5 /* InfoPlist.strings in Resources */ = {isa = PBXBuildFile; fileRef = DDB4899319A7103300BA5FE5 /* InfoPlist.strings */; };
		DDB4899719A7103300BA5FE5 /* HundredTests.m in Sources */ = {isa = PBXBuildFile; fileRef = DDB4899619A7103300BA5FE5 /* HundredTests.m */; };
/* End PBXBuildFile section */

/* Begin PBXContainerItemProxy section */
		DDB4898E19A7103300BA5FE5 /* PBXContainerItemProxy */ = {
			isa = PBXContainerItemProxy;
			containerPortal = DDB4896019A7103200BA5FE5 /* Project object */;
			proxyType = 1;
			remoteGlobalIDString = DDB4896719A7103200BA5FE5;
			remoteInfo = Hundred;
		};
/* End PBXContainerItemProxy section */

/* Begin PBXFileReference section */
		DDB4896819A7103200BA5FE5 /* Hundred.app */ = {isa = PBXFileReference; explicitFileType = wrapper.application; includeInIndex = 0; path = Hundred.app; sourceTree = BUILT_PRODUCTS_DIR; };
		DDB4896B19A7103200BA5FE5 /* Foundation.framework */ = {isa = PBXFileReference; lastKnownFileType = wrapper.framework; name = Foundation.framework; path = System/Library/Frameworks/Foundation.framework; sourceTree = SDKROOT; };
		DDB4896D19A7103200BA5FE5 /* CoreGraphics.framework */ = {isa = PBXFileReference; lastKnownFileType = wrapper.framework; name = CoreGraphics.framework; path = System/Library/Frameworks/CoreGraphics.framework; sourceTree = SDKROOT; };
		DDB4896F19A7103200BA5FE5 /* UIKit.framework */ = {isa = PBXFileReference; lastKnownFileType = wrapper.framework; name = UIKit.framework; path = System/Library/Frameworks/UIKit.framework; sourceTree = SDKROOT; };
		DDB4897319A7103200BA5FE5 /* Hundred-Info.plist */ = {isa = PBXFileReference; lastKnownFileType = text.plist.xml; path = "Hundred-Info.plist"; sourceTree = "<group>"; };
		DDB4897519A7103200BA5FE5 /* en */ = {isa = PBXFileReference; lastKnownFileType = text.plist.strings; name = en; path = en.lproj/InfoPlist.strings; sourceTree = "<group>"; };
		DDB4897719A7103200BA5FE5 /* main.m */ = {isa = PBXFileReference; lastKnownFileType = sourcecode.c.objc; path = main.m; sourceTree = "<group>"; };
		DDB4897919A7103200BA5FE5 /* Hundred-Prefix.pch */ = {isa = PBXFileReference; lastKnownFileType = sourcecode.c.h; path = "Hundred-Prefix.pch"; sourceTree = "<group>"; };
		DDB4897A19A7103200BA5FE5 /* OHAppDelegate.h */ = {isa = PBXFileReference; lastKnownFileType = sourcecode.c.h; path = OHAppDelegate.h; sourceTree = "<group>"; };
		DDB4897B19A7103200BA5FE5 /* OHAppDelegate.m */ = {isa = PBXFileReference; lastKnownFileType = sourcecode.c.objc; path = OHAppDelegate.m; sourceTree = "<group>"; };
		DDB4897E19A7103200BA5FE5 /* Base */ = {isa = PBXFileReference; lastKnownFileType = file.storyboard; name = Base; path = Base.lproj/Main.storyboard; sourceTree = "<group>"; };
		DDB4898019A7103200BA5FE5 /* OHViewController.h */ = {isa = PBXFileReference; lastKnownFileType = sourcecode.c.h; path = OHViewController.h; sourceTree = "<group>"; };
		DDB4898119A7103200BA5FE5 /* OHViewController.m */ = {isa = PBXFileReference; lastKnownFileType = sourcecode.c.objc; path = OHViewController.m; sourceTree = "<group>"; };
		DDB4898319A7103200BA5FE5 /* Images.xcassets */ = {isa = PBXFileReference; lastKnownFileType = folder.assetcatalog; path = Images.xcassets; sourceTree = "<group>"; };
		DDB4898919A7103300BA5FE5 /* HundredTests.xctest */ = {isa = PBXFileReference; explicitFileType = wrapper.cfbundle; includeInIndex = 0; path = HundredTests.xctest; sourceTree = BUILT_PRODUCTS_DIR; };
		DDB4898A19A7103300BA5FE5 /* XCTest.framework */ = {isa = PBXFileReference; lastKnownFileType = wrapper.framework; name = XCTest.framework; path = Library/Frameworks/XCTest.framework; sourceTree = DEVELOPER_DIR; };
		DDB4899219A7103300BA5FE5 /* HundredTests-Info.plist */ = {isa = PBXFileReference; lastKnownFileType = text.plist.xml; path = "HundredTests-Info.plist"; sourceTree = "<group>"; };
		DDB4899419A7103300BA5FE5 /* en */ = {isa = PBXFileReference; lastKnownFileType = text.plist.strings; name = en; path = en.lproj/InfoPlist.strings; sourceTree = "<group>"; };
		DDB4899619A7103300BA5FE5 /* HundredTests.m */ = {isa = PBXFileReference; lastKnownFileType = sourcecode.c.objc; path = HundredTests.m; sourceTree = "<group>"; };
/* End PBXFileReference section */

/* Begin PBXFrameworksBuildPhase section */
		DDB4896519A7103200BA5FE5 /* Frameworks */ = {
			isa = PBXFrameworksBuildPhase;
			buildActionMask = 2147483647;
			files = (
				DDB4896E19A7103200BA5FE5 /* CoreGraphics.framework in Frameworks */,
				DDB4897019A7103200BA5FE5 /* UIKit.framework in Frameworks */,
				DDB4896C19A7103200BA5FE5 /* Foundation.framework in Frameworks */,
			);
			runOnlyForDeploymentPostprocessing = 0;
		};
		DDB4898619A7103300BA5FE5 /* Frameworks */ = {
			isa = PBXFrameworksBuildPhase;
			buildActionMask = 2147483647;
			files = (
				DDB4898B19A7103300BA5FE5 /* XCTest.framework in Frameworks */,
				DDB4898D19A7103300BA5FE5 /* UIKit.framework in Frameworks */,
				DDB4898C19A7103300BA5FE5 /* Foundation.framework in Frameworks */,
			);
			runOnlyForDeploymentPostprocessing = 0;
		};
/* End PBXFrameworksBuildPhase section */

/* Begin PBXGroup section */
		DDB4895F19A7103200BA5FE5 = {
			isa = PBXGroup;
			children = (
				DDB4897119A7103200BA5FE5 /* Hundred */,
				DDB4899019A7103300BA5FE5 /* HundredTests */,
				DDB4896A19A7103200BA5FE5 /* Frameworks */,
				DDB4896919A7103200BA5FE5 /* Products */,
			);
			sourceTree = "<group>";
		};
		DDB4896919A7103200BA5FE5 /* Products */ = {
			isa = PBXGroup;
			children = (
				DDB4896819A7103200BA5FE5 /* Hundred.app */,
				DDB4898919A7103300BA5FE5 /* HundredTests.xctest */,
			);
			name = Products;
			sourceTree = "<group>";
		};
		DDB4896A19A7103200BA5FE5 /* Frameworks */ = {
			isa = PBXGroup;
			children = (
				DDB4896B19A7103200BA5FE5 /* Foundation.framework */,
				DDB4896D19A7103200BA5FE5 /* CoreGraphics.framework */,
				DDB4896F19A7103200BA5FE5 /* UIKit.framework */,
				DDB4898A19A7103300BA5FE5 /* XCTest.framework */,
			);
			name = Frameworks;
			sourceTree = "<group>";
		};
		DDB4897119A7103200BA5FE5 /* Hundred */ = {
			isa = PBXGroup;
			children = (
				DDB4897A19A7103200BA5FE5 /* OHAppDelegate.h */,
				DDB4897B19A7103200BA5FE5 /* OHAppDelegate.m */,
				DDB4897D19A7103200BA5FE5 /* Main.storyboard */,
				DDB4898019A7103200BA5FE5 /* OHViewController.h */,
				DDB4898119A7103200BA5FE5 /* OHViewController.m */,
				DDB4898319A7103200BA5FE5 /* Images.xcassets */,
				DDB4897219A7103200BA5FE5 /* Supporting Files */,
			);
			path = Hundred;
			sourceTree = "<group>";
		};
		DDB4897219A7103200BA5FE5 /* Supporting Files */ = {
			isa = PBXGroup;
			children = (
				DDB4897319A7103200BA5FE5 /* Hundred-Info.plist */,
				DDB4897419A7103200BA5FE5 /* InfoPlist.strings */,
				DDB4897719A7103200BA5FE5 /* main.m */,
				DDB4897919A7103200BA5FE5 /* Hundred-Prefix.pch */,
			);
			name = "Supporting Files";
			sourceTree = "<group>";
		};
		DDB4899019A7103300BA5FE5 /* HundredTests */ = {
			isa = PBXGroup;
			children = (
				DDB4899619A7103300BA5FE5 /* HundredTests.m */,
				DDB4899119A7103300BA5FE5 /* Supporting Files */,
			);
			path = HundredTests;
			sourceTree = "<group>";
		};
		DDB4899119A7103300BA5FE5 /* Supporting Files */ = {
			isa = PBXGroup;
			children = (
				DDB4899219A7103300BA5FE5 /* HundredTests-Info.plist */,
				DDB4899319A7103300BA5FE5 /* InfoPlist.strings */,
			);
			name = "Supporting Files";
			sourceTree = "<group>";
		};
/* End PBXGroup section */

/* Begin PBXNativeTarget section */
		DDB4896719A7103200BA5FE5 /* Hundred */ = {
			isa = PBXNativeTarget;
			buildConfigurationList = DDB4899A19A7103300BA5FE5 /* Build configuration list for PBXNativeTarget "Hundred" */;
			buildPhases = (
				DDB4896419A7103200BA5FE5 /* Sources */,
				DDB4896519A7103200BA5FE5 /* Frameworks */,
				DDB4896619A7103200BA5FE5 /* Resources */,
			);
			buildRules = (
			);
			dependencies = (
			);
			name = Hundred;
			productName = Hundred;
			productReference = DDB4896819A7103200BA5FE5 /* Hundred.app */;
			productType = "com.apple.product-type.application";
		};
		DDB4898819A7103300BA5FE5 /* HundredTests */ = {
			isa = PBXNativeTarget;
			buildConfigurationList = DDB4899D19A7103300BA5FE5 /* Build configuration list for PBXNativeTarget "HundredTests" */;
			buildPhases = (
				DDB4898519A7103300BA5FE5 /* Sources */,
				DDB4898619A7103300BA5FE5 /* Frameworks */,
				DDB4898719A7103300BA5FE5 /* Resources */,
			);
			buildRules = (
			);
			dependencies = (
				DDB4898F19A7103300BA5FE5 /* PBXTargetDependency */,
			);
			name = HundredTests;
			productName = HundredTests;
			productReference = DDB4898919A7103300BA5FE5 /* HundredTests.xctest */;
			productType = "com.apple.product-type.bundle.unit-test";
		};
/* End PBXNativeTarget section */

/* Begin PBXProject section */
		DDB4896019A7103200BA5FE5 /* Project object */ = {
			isa = PBXProject;
			attributes = {
				CLASSPREFIX = OH;
				LastUpgradeCheck = 0510;
				ORGANIZATIONNAME = "___FULLUSERNAME___";
				TargetAttributes = {
					DDB4898819A7103300BA5FE5 = {
						TestTargetID = DDB4896719A7103200BA5FE5;
					};
				};
			};
			buildConfigurationList = DDB4896319A7103200BA5FE5 /* Build configuration list for PBXProject "Hundred" */;
			compatibilityVersion = "Xcode 3.2";
			developmentRegion = English;
			hasScannedForEncodings = 0;
			knownRegions = (
				en,
				Base,
			);
			mainGroup = DDB4895F19A7103200BA5FE5;
			productRefGroup = DDB4896919A7103200BA5FE5 /* Products */;
			projectDirPath = "";
			projectRoot = "";
			targets = (
				DDB4896719A7103200BA5FE5 /* Hundred */,
				DDB4898819A7103300BA5FE5 /* HundredTests */,
			);
		};
/* End PBXProject section */

/* Begin PBXResourcesBuildPhase section */
		DDB4896619A7103200BA5FE5 /* Resources */ = {
			isa = PBXResourcesBuildPhase;
			buildActionMask = 2147483647;
			files = (
				DDB4898419A7103200BA5FE5 /* Images.xcassets in Resources */,
				DDB4897619A7103200BA5FE5 /* InfoPlist.strings in Resources */,
				DDB4897F19A7103200BA5FE5 /* Main.storyboard in Resources */,
			);
			runOnlyForDeploymentPostprocessing = 0;
		};
		DDB4898719A7103300BA5FE5 /* Resources */ = {
			isa = PBXResourcesBuildPhase;
			buildActionMask = 2147483647;
			files = (
				DDB4899519A7103300BA5FE5 /* InfoPlist.strings in Resources */,
			);
			runOnlyForDeploymentPostprocessing = 0;
		};
/* End PBXResourcesBuildPhase section */

/* Begin PBXSourcesBuildPhase section */
		DDB4896419A7103200BA5FE5 /* Sources */ = {
			isa = PBXSourcesBuildPhase;
			buildActionMask = 2147483647;
			files = (
				DDB4897819A7103200BA5FE5 /* main.m in Sources */,
				DDB4897C19A7103200BA5FE5 /* OHAppDelegate.m in Sources */,
				DDB4898219A7103200BA5FE5 /* OHViewController.m in Sources */,
			);
			runOnlyForDeploymentPostprocessing = 0;
		};
		DDB4898519A7103300BA5FE5 /* Sources */ = {
			isa = PBXSourcesBuildPhase;
			buildActionMask = 2147483647;
			files = (
				DDB4899719A7103300BA5FE5 /* HundredTests.m in Sources */,
			);
			runOnlyForDeploymentPostprocessing = 0;
		};
/* End PBXSourcesBuildPhase section */

/* Begin PBXTargetDependency section */
		DDB4898F19A7103300BA5FE5 /* PBXTargetDependency */ = {
			isa = PBXTargetDependency;
			target = DDB4896719A7103200BA5FE5 /* Hundred */;
			targetProxy = DDB4898E19A7103300BA5FE5 /* PBXContainerItemProxy */;
		};
/* End PBXTargetDependency section */

/* Begin PBXVariantGroup section */
		DDB4897419A7103200BA5FE5 /* InfoPlist.strings */ = {
			isa = PBXVariantGroup;
			children = (
				DDB4897519A7103200BA5FE5 /* en */,
			);
			name = InfoPlist.strings;
			sourceTree = "<group>";
		};
		DDB4897D19A7103200BA5FE5 /* Main.storyboard */ = {
			isa = PBXVariantGroup;
			children = (
				DDB4897E19A7103200BA5FE5 /* Base */,
			);
			name = Main.storyboard;
			sourceTree = "<group>";
		};
		DDB4899319A7103300BA5FE5 /* InfoPlist.strings */ = {
			isa = PBXVariantGroup;
			children = (
				DDB4899419A7103300BA5FE5 /* en */,
			);
			name = InfoPlist.strings;
			sourceTree = "<group>";
		};
/* End PBXVariantGroup section */

/* Begin XCBuildConfiguration section */
		DDB4899819A7103300BA5FE5 /* Debug */ = {
			isa = XCBuildConfiguration;
			buildSettings = {
				ALWAYS_SEARCH_USER_PATHS = NO;
				CLANG_CXX_LANGUAGE_STANDARD = "gnu++0x";
				CLANG_CXX_LIBRARY = "libc++";
				CLANG_ENABLE_MODULES = YES;
				CLANG_ENABLE_OBJC_ARC = YES;
				CLANG_WARN_BOOL_CONVERSION = YES;
				CLANG_WARN_CONSTANT_CONVERSION = YES;
				CLANG_WARN_DIRECT_OBJC_ISA_USAGE = YES_ERROR;
				CLANG_WARN_EMPTY_BODY = YES;
				CLANG_WARN_ENUM_CONVERSION = YES;
				CLANG_WARN_INT_CONVERSION = YES;
				CLANG_WARN_OBJC_ROOT_CLASS = YES_ERROR;
				CLANG_WARN__DUPLICATE_METHOD_MATCH = YES;
				"CODE_SIGN_IDENTITY[sdk=iphoneos*]" = "iPhone Developer";
				COPY_PHASE_STRIP = NO;
				GCC_C_LANGUAGE_STANDARD = gnu99;
				GCC_DYNAMIC_NO_PIC = NO;
				GCC_OPTIMIZATION_LEVEL = 0;
				GCC_PREPROCESSOR_DEFINITIONS = (
					"DEBUG=1",
					"$(inherited)",
				);
				GCC_SYMBOLS_PRIVATE_EXTERN = NO;
				GCC_WARN_64_TO_32_BIT_CONVERSION = YES;
				GCC_WARN_ABOUT_RETURN_TYPE = YES_ERROR;
				GCC_WARN_UNDECLARED_SELECTOR = YES;
				GCC_WARN_UNINITIALIZED_AUTOS = YES_AGGRESSIVE;
				GCC_WARN_UNUSED_FUNCTION = YES;
				GCC_WARN_UNUSED_VARIABLE = YES;
				IPHONEOS_DEPLOYMENT_TARGET = 7.1;
				ONLY_ACTIVE_ARCH = YES;
				SDKROOT = iphoneos;
			};
			name = Debug;
		};
		DDB4899919A7103300BA5FE5 /* Release */ = {
			isa = XCBuildConfiguration;
			buildSettings = {
				ALWAYS_SEARCH_USER_PATHS = NO;
				CLANG_CXX_LANGUAGE_STANDARD = "gnu++0x";
				CLANG_CXX_LIBRARY = "libc++";
				CLANG_ENABLE_MODULES = YES;
				CLANG_ENABLE_OBJC_ARC = YES;
				CLANG_WARN_BOOL_CONVERSION = YES;
				CLANG_WARN_CONSTANT_CONVERSION = YES;
				CLANG_WARN_DIRECT_OBJC_ISA_USAGE = YES_ERROR;
				CLANG_WARN_EMPTY_BODY = YES;
				CLANG_WARN_ENUM_CONVERSION = YES;
				CLANG_WARN_INT_CONVERSION = YES;
				CLANG_WARN_OBJC_ROOT_CLASS = YES_ERROR;
				CLANG_WARN__DUPLICATE_METHOD_MATCH = YES;
				"CODE_SIGN_IDENTITY[sdk=iphoneos*]" = "iPhone Developer";
				COPY_PHASE_STRIP = YES;
				ENABLE_NS_ASSERTIONS = NO;
				GCC_C_LANGUAGE_STANDARD = gnu99;
				GCC_WARN_64_TO_32_BIT_CONVERSION = YES;
				GCC_WARN_ABOUT_RETURN_TYPE = YES_ERROR;
				GCC_WARN_UNDECLARED_SELECTOR = YES;
				GCC_WARN_UNINITIALIZED_AUTOS = YES_AGGRESSIVE;
				GCC_WARN_UNUSED_FUNCTION = YES;
				GCC_WARN_UNUSED_VARIABLE = YES;
				IPHONEOS_DEPLOYMENT_TARGET = 7.1;
				SDKROOT = iphoneos;
				VALIDATE_PRODUCT = YES;
			};
			name = Release;
		};
		DDB4899B19A7103300BA5FE5 /* Debug */ = {
			isa = XCBuildConfiguration;
			buildSettings = {
				ASSETCATALOG_COMPILER_APPICON_NAME = AppIcon;
				ASSETCATALOG_COMPILER_LAUNCHIMAGE_NAME = LaunchImage;
				GCC_PRECOMPILE_PREFIX_HEADER = YES;
				GCC_PREFIX_HEADER = "Hundred/Hundred-Prefix.pch";
				INFOPLIST_FILE = "Hundred/Hundred-Info.plist";
				PRODUCT_NAME = "$(TARGET_NAME)";
				WRAPPER_EXTENSION = app;
			};
			name = Debug;
		};
		DDB4899C19A7103300BA5FE5 /* Release */ = {
			isa = XCBuildConfiguration;
			buildSettings = {
				ASSETCATALOG_COMPILER_APPICON_NAME = AppIcon;
				ASSETCATALOG_COMPILER_LAUNCHIMAGE_NAME = LaunchImage;
				GCC_PRECOMPILE_PREFIX_HEADER = YES;
				GCC_PREFIX_HEADER = "Hundred/Hundred-Prefix.pch";
				INFOPLIST_FILE = "Hundred/Hundred-Info.plist";
				PRODUCT_NAME = "$(TARGET_NAME)";
				WRAPPER_EXTENSION = app;
			};
			name = Release;
		};
		DDB4899E19A7103300BA5FE5 /* Debug */ = {
			isa = XCBuildConfiguration;
			buildSettings = {
				BUNDLE_LOADER = "$(BUILT_PRODUCTS_DIR)/Hundred.app/Hundred";
				FRAMEWORK_SEARCH_PATHS = (
					"$(SDKROOT)/Developer/Library/Frameworks",
					"$(inherited)",
					"$(DEVELOPER_FRAMEWORKS_DIR)",
				);
				GCC_PRECOMPILE_PREFIX_HEADER = YES;
				GCC_PREFIX_HEADER = "Hundred/Hundred-Prefix.pch";
				GCC_PREPROCESSOR_DEFINITIONS = (
					"DEBUG=1",
					"$(inherited)",
				);
				INFOPLIST_FILE = "HundredTests/HundredTests-Info.plist";
				PRODUCT_NAME = "$(TARGET_NAME)";
				TEST_HOST = "$(BUNDLE_LOADER)";
				WRAPPER_EXTENSION = xctest;
			};
			name = Debug;
		};
		DDB4899F19A7103300BA5FE5 /* Release */ = {
			isa = XCBuildConfiguration;
			buildSettings = {
				BUNDLE_LOADER = "$(BUILT_PRODUCTS_DIR)/Hundred.app/Hundred";
				FRAMEWORK_SEARCH_PATHS = (
					"$(SDKROOT)/Developer/Library/Frameworks",
					"$(inherited)",
					"$(DEVELOPER_FRAMEWORKS_DIR)",
				);
				GCC_PRECOMPILE_PREFIX_HEADER = YES;
				GCC_PREFIX_HEADER = "Hundred/Hundred-Prefix.pch";
				INFOPLIST_FILE = "HundredTests/HundredTests-Info.plist";
				PRODUCT_NAME = "$(TARGET_NAME)";
				TEST_HOST = "$(BUNDLE_LOADER)";
				WRAPPER_EXTENSION = xctest;
			};
			name = Release;
		};
/* End XCBuildConfiguration section */

/* Begin XCConfigurationList section */
		DDB4896319A7103200BA5FE5 /* Build configuration list for PBXProject "Hundred" */ = {
			isa = XCConfigurationList;
			buildConfigurations = (
				DDB4899819A7103300BA5FE5 /* Debug */,
				DDB4899919A7103300BA5FE5 /* Release */,
			);
			defaultConfigurationIsVisible = 0;
			defaultConfigurationName = Release;
		};
		DDB4899A19A7103300BA5FE5 /* Build configuration list for PBXNativeTarget "Hundred" */ = {
			isa = XCConfigurationList;
			buildConfigurations = (
				DDB4899B19A7103300BA5FE5 /* Debug */,
				DDB4899C19A7103300BA5FE5 /* Release */,
			);
			defaultConfigurationIsVisible = 0;
		};
		DDB4899D19A7103300BA5FE5 /* Build configuration list for PBXNativeTarget "HundredTests" */ = {
			isa = XCConfigurationList;
			buildConfigurations = (
				DDB4899E19A7103300BA5FE5 /* Debug */,
				DDB4899F19A7103300BA5FE5 /* Release */,
			);
			defaultConfigurationIsVisible = 0;
		};
/* End XCConfigurationList section */
	};
	rootObject = DDB4896019A7103200BA5FE5 /* Project object */;
}
